# THIS IS AN AUTOGENERATED FILE. DO NOT EDIT THIS FILE DIRECTLY.
# yarn lockfile v1


csv-parse@^2.0.0:
  version "2.0.0"
  resolved "https://registry.yarnpkg.com/csv-parse/-/csv-parse-2.0.0.tgz#4ea22c973233987f07688c601a2d460234ff56d1"

ip@^1.1.4:
  version "1.1.5"
  resolved "https://registry.yarnpkg.com/ip/-/ip-1.1.5.tgz#bdded70114290828c0a039e72ef25f5aaec4354a"

minimist@^1.2.0:
  version "1.2.0"
  resolved "https://registry.yarnpkg.com/minimist/-/minimist-1.2.0.tgz#a35008b20f41383eec1fb914f4cd5df79a264284"

minimist@~0.0.1:
  version "0.0.10"
  resolved "https://registry.yarnpkg.com/minimist/-/minimist-0.0.10.tgz#de3f98543dbf96082be48ad1a0c7cda836301dcf"

optimist@^0.6.1:
  version "0.6.1"
  resolved "https://registry.yarnpkg.com/optimist/-/optimist-0.6.1.tgz#da3ea74686fa21a19a111c326e90eb15a0196686"
  dependencies:
    minimist "~0.0.1"
    wordwrap "~0.0.2"

smart-buffer@^1.0.13:
  version "1.1.15"
  resolved "https://registry.yarnpkg.com/smart-buffer/-/smart-buffer-1.1.15.tgz#7f114b5b65fab3e2a35aa775bb12f0d1c649bf16"

socks@^1.1.10:
  version "1.1.10"
  resolved "https://registry.yarnpkg.com/socks/-/socks-1.1.10.tgz#5b8b7fc7c8f341c53ed056e929b7bf4de8ba7b5a"
  dependencies:
    ip "^1.1.4"
    smart-buffer "^1.0.13"

underscore@^1.5.2:
  version "1.8.3"
  resolved "https://registry.yarnpkg.com/underscore/-/underscore-1.8.3.tgz#4f3fb53b106e6097fcf9cb4109f2a5e9bdfa5022"

whois@^2.5.0:
  version "2.5.0"
  resolved "https://registry.yarnpkg.com/whois/-/whois-2.5.0.tgz#31f4ed7575da43bc81257cd71903abb152c91d06"
  dependencies:
    optimist "^0.6.1"
    socks "^1.1.10"
    underscore "^1.5.2"

wordwrap@~0.0.2:
  version "0.0.3"
  resolved "https://registry.yarnpkg.com/wordwrap/-/wordwrap-0.0.3.tgz#a3d5da6cd5c0bc0008d37234bbaf1bed63059107"
